// !$*UTF8*$!
{
	archiveVersion = 1;
	classes = {
	};
	objectVersion = 77;
	objects = {

/* Begin PBXBuildFile section */
		0877B5F2853087C4E76A3A54 /* RedlineCore.framework in Embed Frameworks */ = {isa = PBXBuildFile; fileRef = 8A99E3761C3B3B3837CF0963 /* RedlineCore.framework */; settings = {ATTRIBUTES = (CodeSignOnCopy, RemoveHeadersOnCopy, ); }; };
		0AA2EE3944F14CF933B1A7F5 /* Availability.swift in Sources */ = {isa = PBXBuildFile; fileRef = F243DEA3F6D6C090FFF94EF1 /* Availability.swift */; };
		10E3438B6F09A1EB0012599A /* ClaudeCredentialSource.swift in Sources */ = {isa = PBXBuildFile; fileRef = 89D2F6C6024C2CB9A31F9F7F /* ClaudeCredentialSource.swift */; };
		1649CE694ADE1CCFF1E9E6DF /* Usage.swift in Sources */ = {isa = PBXBuildFile; fileRef = FC4D3B9D0F9D8C9F124020D6 /* Usage.swift */; };
		1C9DAD2B8067833CC4E648E0 /* RedlineWidget.swift in Sources */ = {isa = PBXBuildFile; fileRef = DFC50432D0FCCC97E9573105 /* RedlineWidget.swift */; };
		24926363A3D24D71291FCE23 /* OllamaUsage.swift in Sources */ = {isa = PBXBuildFile; fileRef = F168CA25C84917EF43FA40A7 /* OllamaUsage.swift */; };
		2F1CF67F76429502CD8D63D1 /* Snapshot.swift in Sources */ = {isa = PBXBuildFile; fileRef = 3BF44BE14785AF8BB8135FB7 /* Snapshot.swift */; };
		33B4AE18BDBDE97F696D61A2 /* claude-statusline.sh in Resources */ = {isa = PBXBuildFile; fileRef = 7F5981A6A2D1BAC9D92B13C1 /* claude-statusline.sh */; };
		3449476BD8EA798D28593265 /* MenuRowView.swift in Sources */ = {isa = PBXBuildFile; fileRef = 750D227E31167B98C4F99ABF /* MenuRowView.swift */; };
		3463145D1F433B054394DE98 /* OllamaService.swift in Sources */ = {isa = PBXBuildFile; fileRef = 5F436657B1570389AAB09F13 /* OllamaService.swift */; };
		59BCA283605365D30DEB0099 /* FirstRun.swift in Sources */ = {isa = PBXBuildFile; fileRef = 6CB28E0B0D7A29BB559A18C5 /* FirstRun.swift */; };
		6273399A6642182B1E1D7AFD /* BrandUI.swift in Sources */ = {isa = PBXBuildFile; fileRef = 9633CFA9869A094B682E3409 /* BrandUI.swift */; };
		63C9EEC4C3CD9715FD4AAECA /* OAuth.swift in Sources */ = {isa = PBXBuildFile; fileRef = BCFB67C592C32CEC96CB61C6 /* OAuth.swift */; };
		6A67B4BBE283F922FA6F430F /* Config.swift in Sources */ = {isa = PBXBuildFile; fileRef = 624A5B9C5D72E93609652D17 /* Config.swift */; };
		6C7AAC7DE7E9AEFD5E977096 /* Limits.swift in Sources */ = {isa = PBXBuildFile; fileRef = 9AF292E55776C9FDD7D18743 /* Limits.swift */; };
		85B47DCDD9A67C95AA0FAC73 /* Redline.icns in Resources */ = {isa = PBXBuildFile; fileRef = 988FB716748B26CD67278337 /* Redline.icns */; };
		8767E8452B43CF2B2D1E14D5 /* SingleInstance.swift in Sources */ = {isa = PBXBuildFile; fileRef = CED513D0EA87D7E4737349F9 /* SingleInstance.swift */; };
		8A37C1B9C476E667D3C7626E /* AppDelegate.swift in Sources */ = {isa = PBXBuildFile; fileRef = 594A59204E47A19AF9380F42 /* AppDelegate.swift */; };
		90F7AD2392C6CABAE8853890 /* Trends.swift in Sources */ = {isa = PBXBuildFile; fileRef = C70F9EB19961D2896832675D /* Trends.swift */; };
		946B9D6449A2548826A4E638 /* ClaudeAuth.swift in Sources */ = {isa = PBXBuildFile; fileRef = 9F803F78EF03A83B38E36C88 /* ClaudeAuth.swift */; };
		9BD597547539A0FF0DD27053 /* RedlineCore.framework in Frameworks */ = {isa = PBXBuildFile; fileRef = 8A99E3761C3B3B3837CF0963 /* RedlineCore.framework */; };
		9CD52EA04F1CDE8CD286AF39 /* ServiceStatus.swift in Sources */ = {isa = PBXBuildFile; fileRef = D2AB1EB471162AD7AFEDDFE2 /* ServiceStatus.swift */; };
		A75D73001BF1B24C3C293DF1 /* ollama-shim.sh in Resources */ = {isa = PBXBuildFile; fileRef = F7E0FD556CE74C96E8B89230 /* ollama-shim.sh */; };
		B05F25F924C6CEDA04D1CAFB /* RedlineTemplate@2x.png in Resources */ = {isa = PBXBuildFile; fileRef = 9D59182E56BE7254764382E5 /* RedlineTemplate@2x.png */; };
		B0B200DB01AF4E71CEE873C8 /* Ollama.swift in Sources */ = {isa = PBXBuildFile; fileRef = 91B28FA77D5BF771D09A8333 /* Ollama.swift */; };
		B0C07761E587F08B6AE9CE9A /* RedlineCore.framework in Frameworks */ = {isa = PBXBuildFile; fileRef = 8A99E3761C3B3B3837CF0963 /* RedlineCore.framework */; };
		B60126738CA4B07C53ED7548 /* Brand.swift in Sources */ = {isa = PBXBuildFile; fileRef = B7AF4BF9E1F8FE7E67230776 /* Brand.swift */; };
		B8F5BC0B534826FD82FD8DDB /* main.swift in Sources */ = {isa = PBXBuildFile; fileRef = 256BCA039C4F6C0212417A7A /* main.swift */; };
		BEDE53D6D98918E29558333F /* Dashboard.swift in Sources */ = {isa = PBXBuildFile; fileRef = F50E09070EBE226E6195A468 /* Dashboard.swift */; };
		C0B7F2FB9DD287E1BF05F920 /* RedlineTemplate.png in Resources */ = {isa = PBXBuildFile; fileRef = 1D8A7BED0FAF0DE852F5BA05 /* RedlineTemplate.png */; };
		C49790D73A16C386B1BFFD11 /* Updates.swift in Sources */ = {isa = PBXBuildFile; fileRef = 48BC351F168C9882F9F793EE /* Updates.swift */; };
		C5C2F68D2DB0C05BBE58D058 /* StatuslineFeed.swift in Sources */ = {isa = PBXBuildFile; fileRef = 316615D98C6029DA63C5F95F /* StatuslineFeed.swift */; };
		C5FCD0C6BE931628CA7A443F /* UsageStore.swift in Sources */ = {isa = PBXBuildFile; fileRef = 32B17D76D7A2F62CA3643183 /* UsageStore.swift */; };
		C699C185E0965CC220924DEA /* RedlineWidget.appex in Embed Foundation Extensions */ = {isa = PBXBuildFile; fileRef = 78FE2F26BDB6366C0D7C1974 /* RedlineWidget.appex */; settings = {ATTRIBUTES = (RemoveHeadersOnCopy, ); }; };
		D1346E76D50919C07BCA074F /* Sparkline.swift in Sources */ = {isa = PBXBuildFile; fileRef = AB7A91F7558A008A61D6AE0B /* Sparkline.swift */; };
		E08625FE5F9B7B966D965307 /* StatuslineInstaller.swift in Sources */ = {isa = PBXBuildFile; fileRef = BEC12E0335BA36753D581E3A /* StatuslineInstaller.swift */; };
		E2B6918D104649BDA000DD73 /* DelegatedRefresh.swift in Sources */ = {isa = PBXBuildFile; fileRef = C95D59B24DE8A443953B9222 /* DelegatedRefresh.swift */; };
		F8E4378AA294C4F6A5FBD381 /* CredentialScan.swift in Sources */ = {isa = PBXBuildFile; fileRef = 7F86294B8C331F3CA4A5DD4F /* CredentialScan.swift */; };
		FF43854EF3B1451EFD855320 /* CodexSessions.swift in Sources */ = {isa = PBXBuildFile; fileRef = EF2D39E506526264BDC08DB4 /* CodexSessions.swift */; };
/* End PBXBuildFile section */

/* Begin PBXContainerItemProxy section */
		523E9B310EAF92D6CA0F4A05 /* PBXContainerItemProxy */ = {
			isa = PBXContainerItemProxy;
			containerPortal = BDBA1FFFB56DFE185BB8A607 /* Project object */;
			proxyType = 1;
			remoteGlobalIDString = 6F049CA8C42D3D4B9F30CB30;
			remoteInfo = RedlineCore;
		};
		5FC3A048B3DE4DAEDEC4A2F8 /* PBXContainerItemProxy */ = {
			isa = PBXContainerItemProxy;
			containerPortal = BDBA1FFFB56DFE185BB8A607 /* Project object */;
			proxyType = 1;
			remoteGlobalIDString = 299BF6CE55BF3236BABD32D4;
			remoteInfo = RedlineWidget;
		};
		C008D510C31081504E026939 /* PBXContainerItemProxy */ = {
			isa = PBXContainerItemProxy;
			containerPortal = BDBA1FFFB56DFE185BB8A607 /* Project object */;
			proxyType = 1;
			remoteGlobalIDString = 6F049CA8C42D3D4B9F30CB30;
			remoteInfo = RedlineCore;
		};
/* End PBXContainerItemProxy section */

/* Begin PBXCopyFilesBuildPhase section */
		698BE2E3D17A9C1B30E9C9F5 /* Embed Frameworks */ = {
			isa = PBXCopyFilesBuildPhase;
			buildActionMask = 2147483647;
			dstPath = "";
			dstSubfolderSpec = 10;
			files = (
				0877B5F2853087C4E76A3A54 /* RedlineCore.framework in Embed Frameworks */,
			);
			name = "Embed Frameworks";
			runOnlyForDeploymentPostprocessing = 0;
		};
		7ACEA3B93A044EC3EB2DE301 /* Embed Foundation Extensions */ = {
			isa = PBXCopyFilesBuildPhase;
			buildActionMask = 2147483647;
			dstPath = "";
			dstSubfolderSpec = 13;
			files = (
				C699C185E0965CC220924DEA /* RedlineWidget.appex in Embed Foundation Extensions */,
			);
			name = "Embed Foundation Extensions";
			runOnlyForDeploymentPostprocessing = 0;
		};
/* End PBXCopyFilesBuildPhase section */

/* Begin PBXFileReference section */
		123B39085985A12AC4A883B1 /* Info.plist */ = {isa = PBXFileReference; lastKnownFileType = text.plist; path = Info.plist; sourceTree = "<group>"; };
		1D8A7BED0FAF0DE852F5BA05 /* RedlineTemplate.png */ = {isa = PBXFileReference; lastKnownFileType = image.png; path = RedlineTemplate.png; sourceTree = "<group>"; };
		256BCA039C4F6C0212417A7A /* main.swift */ = {isa = PBXFileReference; lastKnownFileType = sourcecode.swift; path = main.swift; sourceTree = "<group>"; };
		316615D98C6029DA63C5F95F /* StatuslineFeed.swift */ = {isa = PBXFileReference; lastKnownFileType = sourcecode.swift; path = StatuslineFeed.swift; sourceTree = "<group>"; };
		32B17D76D7A2F62CA3643183 /* UsageStore.swift */ = {isa = PBXFileReference; lastKnownFileType = sourcecode.swift; path = UsageStore.swift; sourceTree = "<group>"; };
		3BF44BE14785AF8BB8135FB7 /* Snapshot.swift */ = {isa = PBXFileReference; lastKnownFileType = sourcecode.swift; path = Snapshot.swift; sourceTree = "<group>"; };
		48BC351F168C9882F9F793EE /* Updates.swift */ = {isa = PBXFileReference; lastKnownFileType = sourcecode.swift; path = Updates.swift; sourceTree = "<group>"; };
		594A59204E47A19AF9380F42 /* AppDelegate.swift */ = {isa = PBXFileReference; lastKnownFileType = sourcecode.swift; path = AppDelegate.swift; sourceTree = "<group>"; };
		5F436657B1570389AAB09F13 /* OllamaService.swift */ = {isa = PBXFileReference; lastKnownFileType = sourcecode.swift; path = OllamaService.swift; sourceTree = "<group>"; };
		624A5B9C5D72E93609652D17 /* Config.swift */ = {isa = PBXFileReference; lastKnownFileType = sourcecode.swift; path = Config.swift; sourceTree = "<group>"; };
		6CB28E0B0D7A29BB559A18C5 /* FirstRun.swift */ = {isa = PBXFileReference; lastKnownFileType = sourcecode.swift; path = FirstRun.swift; sourceTree = "<group>"; };
		750D227E31167B98C4F99ABF /* MenuRowView.swift */ = {isa = PBXFileReference; lastKnownFileType = sourcecode.swift; path = MenuRowView.swift; sourceTree = "<group>"; };
		77E369CE6531396BD0644322 /* Redline.app */ = {isa = PBXFileReference; explicitFileType = wrapper.application; includeInIndex = 0; path = Redline.app; sourceTree = BUILT_PRODUCTS_DIR; };
		78FE2F26BDB6366C0D7C1974 /* RedlineWidget.appex */ = {isa = PBXFileReference; explicitFileType = "wrapper.app-extension"; includeInIndex = 0; path = RedlineWidget.appex; sourceTree = BUILT_PRODUCTS_DIR; };
		7F5981A6A2D1BAC9D92B13C1 /* claude-statusline.sh */ = {isa = PBXFileReference; lastKnownFileType = text.script.sh; path = "claude-statusline.sh"; sourceTree = "<group>"; };
		7F86294B8C331F3CA4A5DD4F /* CredentialScan.swift */ = {isa = PBXFileReference; lastKnownFileType = sourcecode.swift; path = CredentialScan.swift; sourceTree = "<group>"; };
		89D2F6C6024C2CB9A31F9F7F /* ClaudeCredentialSource.swift */ = {isa = PBXFileReference; lastKnownFileType = sourcecode.swift; path = ClaudeCredentialSource.swift; sourceTree = "<group>"; };
		8A99E3761C3B3B3837CF0963 /* RedlineCore.framework */ = {isa = PBXFileReference; explicitFileType = wrapper.framework; includeInIndex = 0; path = RedlineCore.framework; sourceTree = BUILT_PRODUCTS_DIR; };
		91B28FA77D5BF771D09A8333 /* Ollama.swift */ = {isa = PBXFileReference; lastKnownFileType = sourcecode.swift; path = Ollama.swift; sourceTree = "<group>"; };
		9633CFA9869A094B682E3409 /* BrandUI.swift */ = {isa = PBXFileReference; lastKnownFileType = sourcecode.swift; path = BrandUI.swift; sourceTree = "<group>"; };
		988FB716748B26CD67278337 /* Redline.icns */ = {isa = PBXFileReference; lastKnownFileType = image.icns; path = Redline.icns; sourceTree = "<group>"; };
		9AF292E55776C9FDD7D18743 /* Limits.swift */ = {isa = PBXFileReference; lastKnownFileType = sourcecode.swift; path = Limits.swift; sourceTree = "<group>"; };
		9D59182E56BE7254764382E5 /* RedlineTemplate@2x.png */ = {isa = PBXFileReference; lastKnownFileType = image.png; path = "RedlineTemplate@2x.png"; sourceTree = "<group>"; };
		9F803F78EF03A83B38E36C88 /* ClaudeAuth.swift */ = {isa = PBXFileReference; lastKnownFileType = sourcecode.swift; path = ClaudeAuth.swift; sourceTree = "<group>"; };
		9FA07D3D6BF92948B549F7B3 /* RedlineWidget.entitlements */ = {isa = PBXFileReference; lastKnownFileType = text.plist.entitlements; path = RedlineWidget.entitlements; sourceTree = "<group>"; };
		AB7A91F7558A008A61D6AE0B /* Sparkline.swift */ = {isa = PBXFileReference; lastKnownFileType = sourcecode.swift; path = Sparkline.swift; sourceTree = "<group>"; };
		B7AF4BF9E1F8FE7E67230776 /* Brand.swift */ = {isa = PBXFileReference; lastKnownFileType = sourcecode.swift; path = Brand.swift; sourceTree = "<group>"; };
		BCFB67C592C32CEC96CB61C6 /* OAuth.swift */ = {isa = PBXFileReference; lastKnownFileType = sourcecode.swift; path = OAuth.swift; sourceTree = "<group>"; };
		BEC12E0335BA36753D581E3A /* StatuslineInstaller.swift */ = {isa = PBXFileReference; lastKnownFileType = sourcecode.swift; path = StatuslineInstaller.swift; sourceTree = "<group>"; };
		C70F9EB19961D2896832675D /* Trends.swift */ = {isa = PBXFileReference; lastKnownFileType = sourcecode.swift; path = Trends.swift; sourceTree = "<group>"; };
		C95D59B24DE8A443953B9222 /* DelegatedRefresh.swift */ = {isa = PBXFileReference; lastKnownFileType = sourcecode.swift; path = DelegatedRefresh.swift; sourceTree = "<group>"; };
		CED513D0EA87D7E4737349F9 /* SingleInstance.swift */ = {isa = PBXFileReference; lastKnownFileType = sourcecode.swift; path = SingleInstance.swift; sourceTree = "<group>"; };
		D2AB1EB471162AD7AFEDDFE2 /* ServiceStatus.swift */ = {isa = PBXFileReference; lastKnownFileType = sourcecode.swift; path = ServiceStatus.swift; sourceTree = "<group>"; };
		DFC50432D0FCCC97E9573105 /* RedlineWidget.swift */ = {isa = PBXFileReference; lastKnownFileType = sourcecode.swift; path = RedlineWidget.swift; sourceTree = "<group>"; };
		EF2D39E506526264BDC08DB4 /* CodexSessions.swift */ = {isa = PBXFileReference; lastKnownFileType = sourcecode.swift; path = CodexSessions.swift; sourceTree = "<group>"; };
		F168CA25C84917EF43FA40A7 /* OllamaUsage.swift */ = {isa = PBXFileReference; lastKnownFileType = sourcecode.swift; path = OllamaUsage.swift; sourceTree = "<group>"; };
		F243DEA3F6D6C090FFF94EF1 /* Availability.swift */ = {isa = PBXFileReference; lastKnownFileType = sourcecode.swift; path = Availability.swift; sourceTree = "<group>"; };
		F50E09070EBE226E6195A468 /* Dashboard.swift */ = {isa = PBXFileReference; lastKnownFileType = sourcecode.swift; path = Dashboard.swift; sourceTree = "<group>"; };
		F7E0FD556CE74C96E8B89230 /* ollama-shim.sh */ = {isa = PBXFileReference; lastKnownFileType = text.script.sh; path = "ollama-shim.sh"; sourceTree = "<group>"; };
		FC4D3B9D0F9D8C9F124020D6 /* Usage.swift */ = {isa = PBXFileReference; lastKnownFileType = sourcecode.swift; path = Usage.swift; sourceTree = "<group>"; };
/* End PBXFileReference section */

/* Begin PBXFrameworksBuildPhase section */
		0FD6030E9621A01FD5690F71 /* Frameworks */ = {
			isa = PBXFrameworksBuildPhase;
			buildActionMask = 2147483647;
			files = (
				9BD597547539A0FF0DD27053 /* RedlineCore.framework in Frameworks */,
			);
			runOnlyForDeploymentPostprocessing = 0;
		};
		8B0E5E4C011B257725905995 /* Frameworks */ = {
			isa = PBXFrameworksBuildPhase;
			buildActionMask = 2147483647;
			files = (
				B0C07761E587F08B6AE9CE9A /* RedlineCore.framework in Frameworks */,
			);
			runOnlyForDeploymentPostprocessing = 0;
		};
/* End PBXFrameworksBuildPhase section */

/* Begin PBXGroup section */
		3DF505AC9EA16193B0513596 /* Resources */ = {
			isa = PBXGroup;
			children = (
				988FB716748B26CD67278337 /* Redline.icns */,
				1D8A7BED0FAF0DE852F5BA05 /* RedlineTemplate.png */,
				9D59182E56BE7254764382E5 /* RedlineTemplate@2x.png */,
			);
			path = Resources;
			sourceTree = "<group>";
		};
		4707618540E3D744E35D6824 /* Products */ = {
			isa = PBXGroup;
			children = (
				77E369CE6531396BD0644322 /* Redline.app */,
				8A99E3761C3B3B3837CF0963 /* RedlineCore.framework */,
				78FE2F26BDB6366C0D7C1974 /* RedlineWidget.appex */,
			);
			name = Products;
			sourceTree = "<group>";
		};
		5427E107E20AD0BCA2B644CC /* scripts */ = {
			isa = PBXGroup;
			children = (
				7F5981A6A2D1BAC9D92B13C1 /* claude-statusline.sh */,
				F7E0FD556CE74C96E8B89230 /* ollama-shim.sh */,
			);
			path = scripts;
			sourceTree = "<group>";
		};
		5A03863A9D964D119767A485 /* RedlineWidget */ = {
			isa = PBXGroup;
			children = (
				123B39085985A12AC4A883B1 /* Info.plist */,
				9FA07D3D6BF92948B549F7B3 /* RedlineWidget.entitlements */,
				DFC50432D0FCCC97E9573105 /* RedlineWidget.swift */,
			);
			path = RedlineWidget;
			sourceTree = "<group>";
		};
		5B2A7CD7D4D06BBF900687E9 /* Sources */ = {
			isa = PBXGroup;
			children = (
				929F95464D066DBA36DA20A2 /* redline */,
				EF63F5151055D3F432C21EEF /* RedlineCore */,
				5A03863A9D964D119767A485 /* RedlineWidget */,
			);
			path = Sources;
			sourceTree = "<group>";
		};
		929F95464D066DBA36DA20A2 /* redline */ = {
			isa = PBXGroup;
			children = (
				594A59204E47A19AF9380F42 /* AppDelegate.swift */,
				89D2F6C6024C2CB9A31F9F7F /* ClaudeCredentialSource.swift */,
				F50E09070EBE226E6195A468 /* Dashboard.swift */,
				C95D59B24DE8A443953B9222 /* DelegatedRefresh.swift */,
				6CB28E0B0D7A29BB559A18C5 /* FirstRun.swift */,
				256BCA039C4F6C0212417A7A /* main.swift */,
				750D227E31167B98C4F99ABF /* MenuRowView.swift */,
				BCFB67C592C32CEC96CB61C6 /* OAuth.swift */,
				5F436657B1570389AAB09F13 /* OllamaService.swift */,
				BEC12E0335BA36753D581E3A /* StatuslineInstaller.swift */,
				48BC351F168C9882F9F793EE /* Updates.swift */,
			);
			path = redline;
			sourceTree = "<group>";
		};
		EF63F5151055D3F432C21EEF /* RedlineCore */ = {
			isa = PBXGroup;
			children = (
				F243DEA3F6D6C090FFF94EF1 /* Availability.swift */,
				B7AF4BF9E1F8FE7E67230776 /* Brand.swift */,
				9633CFA9869A094B682E3409 /* BrandUI.swift */,
				9F803F78EF03A83B38E36C88 /* ClaudeAuth.swift */,
				EF2D39E506526264BDC08DB4 /* CodexSessions.swift */,
				624A5B9C5D72E93609652D17 /* Config.swift */,
				7F86294B8C331F3CA4A5DD4F /* CredentialScan.swift */,
				9AF292E55776C9FDD7D18743 /* Limits.swift */,
				91B28FA77D5BF771D09A8333 /* Ollama.swift */,
				F168CA25C84917EF43FA40A7 /* OllamaUsage.swift */,
				D2AB1EB471162AD7AFEDDFE2 /* ServiceStatus.swift */,
				CED513D0EA87D7E4737349F9 /* SingleInstance.swift */,
				3BF44BE14785AF8BB8135FB7 /* Snapshot.swift */,
				AB7A91F7558A008A61D6AE0B /* Sparkline.swift */,
				316615D98C6029DA63C5F95F /* StatuslineFeed.swift */,
				C70F9EB19961D2896832675D /* Trends.swift */,
				FC4D3B9D0F9D8C9F124020D6 /* Usage.swift */,
				32B17D76D7A2F62CA3643183 /* UsageStore.swift */,
			);
			path = RedlineCore;
			sourceTree = "<group>";
		};
		F1C79CFD64D9F84A344D20BF = {
			isa = PBXGroup;
			children = (
				3DF505AC9EA16193B0513596 /* Resources */,
				5427E107E20AD0BCA2B644CC /* scripts */,
				5B2A7CD7D4D06BBF900687E9 /* Sources */,
				4707618540E3D744E35D6824 /* Products */,
			);
			sourceTree = "<group>";
		};
/* End PBXGroup section */

/* Begin PBXNativeTarget section */
		299BF6CE55BF3236BABD32D4 /* RedlineWidget */ = {
			isa = PBXNativeTarget;
			buildConfigurationList = D29DBF354D54AC4F9A6A27E4 /* Build configuration list for PBXNativeTarget "RedlineWidget" */;
			buildPhases = (
				74982C89931EF426033338A5 /* Sources */,
				8B0E5E4C011B257725905995 /* Frameworks */,
			);
			buildRules = (
			);
			dependencies = (
				B3A61A799EBA7D549E7884D1 /* PBXTargetDependency */,
			);
			name = RedlineWidget;
			packageProductDependencies = (
			);
			productName = RedlineWidget;
			productReference = 78FE2F26BDB6366C0D7C1974 /* RedlineWidget.appex */;
			productType = "com.apple.product-type.app-extension";
		};
		6F049CA8C42D3D4B9F30CB30 /* RedlineCore */ = {
			isa = PBXNativeTarget;
			buildConfigurationList = 52937CCBCC3BACF0E132B3C2 /* Build configuration list for PBXNativeTarget "RedlineCore" */;
			buildPhases = (
				8754EA898D9C56E4B362EADE /* Sources */,
			);
			buildRules = (
			);
			dependencies = (
			);
			name = RedlineCore;
			packageProductDependencies = (
			);
			productName = RedlineCore;
			productReference = 8A99E3761C3B3B3837CF0963 /* RedlineCore.framework */;
			productType = "com.apple.product-type.framework";
		};
		78E2D3ED9A80CB97FFD0EA18 /* Redline */ = {
			isa = PBXNativeTarget;
			buildConfigurationList = 39295FF4190F58CCA17A4229 /* Build configuration list for PBXNativeTarget "Redline" */;
			buildPhases = (
				480DB2BED000FEADE82C8AFD /* Sources */,
				AB8EC151CE9BED727E05F6CD /* Resources */,
				0FD6030E9621A01FD5690F71 /* Frameworks */,
				7ACEA3B93A044EC3EB2DE301 /* Embed Foundation Extensions */,
				698BE2E3D17A9C1B30E9C9F5 /* Embed Frameworks */,
			);
			buildRules = (
			);
			dependencies = (
				A87CC5D0CA81F3FF747AD71B /* PBXTargetDependency */,
				CD36B5B1B9FA9BEA90DB7BD0 /* PBXTargetDependency */,
			);
			name = Redline;
			packageProductDependencies = (
			);
			productName = Redline;
			productReference = 77E369CE6531396BD0644322 /* Redline.app */;
			productType = "com.apple.product-type.application";
		};
/* End PBXNativeTarget section */

/* Begin PBXProject section */
		BDBA1FFFB56DFE185BB8A607 /* Project object */ = {
			isa = PBXProject;
			attributes = {
				BuildIndependentTargetsInParallel = YES;
				LastUpgradeCheck = 1430;
				TargetAttributes = {
					299BF6CE55BF3236BABD32D4 = {
						DevelopmentTeam = "${REDLINE_TEAM_ID}";
						ProvisioningStyle = Automatic;
					};
					6F049CA8C42D3D4B9F30CB30 = {
						DevelopmentTeam = "${REDLINE_TEAM_ID}";
						ProvisioningStyle = Automatic;
					};
					78E2D3ED9A80CB97FFD0EA18 = {
						DevelopmentTeam = "${REDLINE_TEAM_ID}";
						ProvisioningStyle = Automatic;
					};
				};
			};
			buildConfigurationList = 351C0B475CFFDDA670E8AD46 /* Build configuration list for PBXProject "Redline" */;
			developmentRegion = en;
			hasScannedForEncodings = 0;
			knownRegions = (
				Base,
				en,
			);
			mainGroup = F1C79CFD64D9F84A344D20BF;
			minimizedProjectReferenceProxies = 1;
			preferredProjectObjectVersion = 77;
			productRefGroup = 4707618540E3D744E35D6824 /* Products */;
			projectDirPath = "";
			projectRoot = "";
			targets = (
				78E2D3ED9A80CB97FFD0EA18 /* Redline */,
				6F049CA8C42D3D4B9F30CB30 /* RedlineCore */,
				299BF6CE55BF3236BABD32D4 /* RedlineWidget */,
			);
		};
/* End PBXProject section */

/* Begin PBXResourcesBuildPhase section */
		AB8EC151CE9BED727E05F6CD /* Resources */ = {
			isa = PBXResourcesBuildPhase;
			buildActionMask = 2147483647;
			files = (
				85B47DCDD9A67C95AA0FAC73 /* Redline.icns in Resources */,
				C0B7F2FB9DD287E1BF05F920 /* RedlineTemplate.png in Resources */,
				B05F25F924C6CEDA04D1CAFB /* RedlineTemplate@2x.png in Resources */,
				33B4AE18BDBDE97F696D61A2 /* claude-statusline.sh in Resources */,
				A75D73001BF1B24C3C293DF1 /* ollama-shim.sh in Resources */,
			);
			runOnlyForDeploymentPostprocessing = 0;
		};
/* End PBXResourcesBuildPhase section */

/* Begin PBXSourcesBuildPhase section */
		480DB2BED000FEADE82C8AFD /* Sources */ = {
			isa = PBXSourcesBuildPhase;
			buildActionMask = 2147483647;
			files = (
				8A37C1B9C476E667D3C7626E /* AppDelegate.swift in Sources */,
				10E3438B6F09A1EB0012599A /* ClaudeCredentialSource.swift in Sources */,
				BEDE53D6D98918E29558333F /* Dashboard.swift in Sources */,
				E2B6918D104649BDA000DD73 /* DelegatedRefresh.swift in Sources */,
				59BCA283605365D30DEB0099 /* FirstRun.swift in Sources */,
				3449476BD8EA798D28593265 /* MenuRowView.swift in Sources */,
				63C9EEC4C3CD9715FD4AAECA /* OAuth.swift in Sources */,
				3463145D1F433B054394DE98 /* OllamaService.swift in Sources */,
				E08625FE5F9B7B966D965307 /* StatuslineInstaller.swift in Sources */,
				C49790D73A16C386B1BFFD11 /* Updates.swift in Sources */,
				B8F5BC0B534826FD82FD8DDB /* main.swift in Sources */,
			);
			runOnlyForDeploymentPostprocessing = 0;
		};
		74982C89931EF426033338A5 /* Sources */ = {
			isa = PBXSourcesBuildPhase;
			buildActionMask = 2147483647;
			files = (
				1C9DAD2B8067833CC4E648E0 /* RedlineWidget.swift in Sources */,
			);
			runOnlyForDeploymentPostprocessing = 0;
		};
		8754EA898D9C56E4B362EADE /* Sources */ = {
			isa = PBXSourcesBuildPhase;
			buildActionMask = 2147483647;
			files = (
				0AA2EE3944F14CF933B1A7F5 /* Availability.swift in Sources */,
				B60126738CA4B07C53ED7548 /* Brand.swift in Sources */,
				6273399A6642182B1E1D7AFD /* BrandUI.swift in Sources */,
				946B9D6449A2548826A4E638 /* ClaudeAuth.swift in Sources */,
				FF43854EF3B1451EFD855320 /* CodexSessions.swift in Sources */,
				6A67B4BBE283F922FA6F430F /* Config.swift in Sources */,
				F8E4378AA294C4F6A5FBD381 /* CredentialScan.swift in Sources */,
				6C7AAC7DE7E9AEFD5E977096 /* Limits.swift in Sources */,
				B0B200DB01AF4E71CEE873C8 /* Ollama.swift in Sources */,
				24926363A3D24D71291FCE23 /* OllamaUsage.swift in Sources */,
				9CD52EA04F1CDE8CD286AF39 /* ServiceStatus.swift in Sources */,
				8767E8452B43CF2B2D1E14D5 /* SingleInstance.swift in Sources */,
				2F1CF67F76429502CD8D63D1 /* Snapshot.swift in Sources */,
				D1346E76D50919C07BCA074F /* Sparkline.swift in Sources */,
				C5C2F68D2DB0C05BBE58D058 /* StatuslineFeed.swift in Sources */,
				90F7AD2392C6CABAE8853890 /* Trends.swift in Sources */,
				1649CE694ADE1CCFF1E9E6DF /* Usage.swift in Sources */,
				C5FCD0C6BE931628CA7A443F /* UsageStore.swift in Sources */,
			);
			runOnlyForDeploymentPostprocessing = 0;
		};
/* End PBXSourcesBuildPhase section */

/* Begin PBXTargetDependency section */
		A87CC5D0CA81F3FF747AD71B /* PBXTargetDependency */ = {
			isa = PBXTargetDependency;
			target = 6F049CA8C42D3D4B9F30CB30 /* RedlineCore */;
			targetProxy = C008D510C31081504E026939 /* PBXContainerItemProxy */;
		};
		B3A61A799EBA7D549E7884D1 /* PBXTargetDependency */ = {
			isa = PBXTargetDependency;
			target = 6F049CA8C42D3D4B9F30CB30 /* RedlineCore */;
			targetProxy = 523E9B310EAF92D6CA0F4A05 /* PBXContainerItemProxy */;
		};
		CD36B5B1B9FA9BEA90DB7BD0 /* PBXTargetDependency */ = {
			isa = PBXTargetDependency;
			target = 299BF6CE55BF3236BABD32D4 /* RedlineWidget */;
			targetProxy = 5FC3A048B3DE4DAEDEC4A2F8 /* PBXContainerItemProxy */;
		};
/* End PBXTargetDependency section */

/* Begin XCBuildConfiguration section */
		10362DBFA5C0FDA0CA977B8A /* Debug */ = {
			isa = XCBuildConfiguration;
			buildSettings = {
				ASSETCATALOG_COMPILER_APPICON_NAME = AppIcon;
				CODE_SIGN_ENTITLEMENTS = Resources/Redline.entitlements;
				COMBINE_HIDPI_IMAGES = YES;
				ENABLE_HARDENED_RUNTIME = YES;
				EXECUTABLE_NAME = redline;
				INFOPLIST_FILE = Resources/Info.plist;
				LD_RUNPATH_SEARCH_PATHS = (
					"$(inherited)",
					"@executable_path/../Frameworks",
				);
				PRODUCT_BUNDLE_IDENTIFIER = com.goriparthi.redline;
				PRODUCT_NAME = Redline;
				SDKROOT = macosx;
			};
			name = Debug;
		};
		5DEAE7358B0AEE1BEDDD6D49 /* Release */ = {
			isa = XCBuildConfiguration;
			buildSettings = {
				ASSETCATALOG_COMPILER_APPICON_NAME = AppIcon;
				CODE_SIGN_ENTITLEMENTS = Resources/Redline.entitlements;
				COMBINE_HIDPI_IMAGES = YES;
				ENABLE_HARDENED_RUNTIME = YES;
				EXECUTABLE_NAME = redline;
				INFOPLIST_FILE = Resources/Info.plist;
				LD_RUNPATH_SEARCH_PATHS = (
					"$(inherited)",
					"@executable_path/../Frameworks",
				);
				PRODUCT_BUNDLE_IDENTIFIER = com.goriparthi.redline;
				PRODUCT_NAME = Redline;
				SDKROOT = macosx;
			};
			name = Release;
		};
		7351244BA877471DC8646A8E /* Release */ = {
			isa = XCBuildConfiguration;
			buildSettings = {
				CODE_SIGN_ENTITLEMENTS = Sources/RedlineWidget/RedlineWidget.entitlements;
				COMBINE_HIDPI_IMAGES = YES;
				ENABLE_HARDENED_RUNTIME = YES;
				INFOPLIST_FILE = Sources/RedlineWidget/Info.plist;
				LD_RUNPATH_SEARCH_PATHS = (
					"$(inherited)",
					"@executable_path/../Frameworks",
					"@executable_path/../../../../Frameworks",
				);
				PRODUCT_BUNDLE_IDENTIFIER = com.goriparthi.redline.widget;
				PRODUCT_NAME = RedlineWidget;
				SDKROOT = macosx;
			};
			name = Release;
		};
		8D47630DE585048DACB9393D /* Debug */ = {
			isa = XCBuildConfiguration;
			buildSettings = {
				CODE_SIGN_ENTITLEMENTS = Sources/RedlineWidget/RedlineWidget.entitlements;
				COMBINE_HIDPI_IMAGES = YES;
				ENABLE_HARDENED_RUNTIME = YES;
				INFOPLIST_FILE = Sources/RedlineWidget/Info.plist;
				LD_RUNPATH_SEARCH_PATHS = (
					"$(inherited)",
					"@executable_path/../Frameworks",
					"@executable_path/../../../../Frameworks",
				);
				PRODUCT_BUNDLE_IDENTIFIER = com.goriparthi.redline.widget;
				PRODUCT_NAME = RedlineWidget;
				SDKROOT = macosx;
			};
			name = Debug;
		};
		9BBE450B812F1B15AB6E3302 /* Debug */ = {
			isa = XCBuildConfiguration;
			buildSettings = {
				CODE_SIGN_IDENTITY = "";
				COMBINE_HIDPI_IMAGES = YES;
				CURRENT_PROJECT_VERSION = 1;
				DEFINES_MODULE = YES;
				DYLIB_COMPATIBILITY_VERSION = 1;
				DYLIB_CURRENT_VERSION = 1;
				DYLIB_INSTALL_NAME_BASE = "@rpath";
				INFOPLIST_FILE = "Resources/RedlineCore-Info.plist";
				INSTALL_PATH = "$(LOCAL_LIBRARY_DIR)/Frameworks";
				LD_RUNPATH_SEARCH_PATHS = (
					"$(inherited)",
					"@executable_path/../Frameworks",
				);
				PRODUCT_BUNDLE_IDENTIFIER = com.goriparthi.redline.core;
				PRODUCT_NAME = RedlineCore;
				SDKROOT = macosx;
				SKIP_INSTALL = YES;
				VERSIONING_SYSTEM = "apple-generic";
			};
			name = Debug;
		};
		BA1E791674258D5AA978FFCD /* Release */ = {
			isa = XCBuildConfiguration;
			buildSettings = {
				ALWAYS_SEARCH_USER_PATHS = NO;
				CLANG_ANALYZER_NONNULL = YES;
				CLANG_ANALYZER_NUMBER_OBJECT_CONVERSION = YES_AGGRESSIVE;
				CLANG_CXX_LANGUAGE_STANDARD = "gnu++14";
				CLANG_CXX_LIBRARY = "libc++";
				CLANG_ENABLE_MODULES = YES;
				CLANG_ENABLE_OBJC_ARC = YES;
				CLANG_ENABLE_OBJC_WEAK = YES;
				CLANG_WARN_BLOCK_CAPTURE_AUTORELEASING = YES;
				CLANG_WARN_BOOL_CONVERSION = YES;
				CLANG_WARN_COMMA = YES;
				CLANG_WARN_CONSTANT_CONVERSION = YES;
				CLANG_WARN_DEPRECATED_OBJC_IMPLEMENTATIONS = YES;
				CLANG_WARN_DIRECT_OBJC_ISA_USAGE = YES_ERROR;
				CLANG_WARN_DOCUMENTATION_COMMENTS = YES;
				CLANG_WARN_EMPTY_BODY = YES;
				CLANG_WARN_ENUM_CONVERSION = YES;
				CLANG_WARN_INFINITE_RECURSION = YES;
				CLANG_WARN_INT_CONVERSION = YES;
				CLANG_WARN_NON_LITERAL_NULL_CONVERSION = YES;
				CLANG_WARN_OBJC_IMPLICIT_RETAIN_SELF = YES;
				CLANG_WARN_OBJC_LITERAL_CONVERSION = YES;
				CLANG_WARN_OBJC_ROOT_CLASS = YES_ERROR;
				CLANG_WARN_QUOTED_INCLUDE_IN_FRAMEWORK_HEADER = YES;
				CLANG_WARN_RANGE_LOOP_ANALYSIS = YES;
				CLANG_WARN_STRICT_PROTOTYPES = YES;
				CLANG_WARN_SUSPICIOUS_MOVE = YES;
				CLANG_WARN_UNGUARDED_AVAILABILITY = YES_AGGRESSIVE;
				CLANG_WARN_UNREACHABLE_CODE = YES;
				CLANG_WARN__DUPLICATE_METHOD_MATCH = YES;
				CODE_SIGN_STYLE = Automatic;
				COPY_PHASE_STRIP = NO;
				CURRENT_PROJECT_VERSION = 0.2.1;
				DEBUG_INFORMATION_FORMAT = "dwarf-with-dsym";
				DEVELOPMENT_TEAM = "${REDLINE_TEAM_ID}";
				ENABLE_NS_ASSERTIONS = NO;
				ENABLE_STRICT_OBJC_MSGSEND = YES;
				GCC_C_LANGUAGE_STANDARD = gnu11;
				GCC_NO_COMMON_BLOCKS = YES;
				GCC_WARN_64_TO_32_BIT_CONVERSION = YES;
				GCC_WARN_ABOUT_RETURN_TYPE = YES_ERROR;
				GCC_WARN_UNDECLARED_SELECTOR = YES;
				GCC_WARN_UNINITIALIZED_AUTOS = YES_AGGRESSIVE;
				GCC_WARN_UNUSED_FUNCTION = YES;
				GCC_WARN_UNUSED_VARIABLE = YES;
				MACOSX_DEPLOYMENT_TARGET = 14.0;
				MARKETING_VERSION = 0.2.1;
				MTL_ENABLE_DEBUG_INFO = NO;
				MTL_FAST_MATH = YES;
				PRODUCT_NAME = "$(TARGET_NAME)";
				SDKROOT = macosx;
				SWIFT_COMPILATION_MODE = wholemodule;
				SWIFT_OPTIMIZATION_LEVEL = "-O";
				SWIFT_VERSION = 5.9;
			};
			name = Release;
		};
		C39256AFF99C7CDE2A9CBFD3 /* Release */ = {
			isa = XCBuildConfiguration;
			buildSettings = {
				CODE_SIGN_IDENTITY = "";
				COMBINE_HIDPI_IMAGES = YES;
				CURRENT_PROJECT_VERSION = 1;
				DEFINES_MODULE = YES;
				DYLIB_COMPATIBILITY_VERSION = 1;
				DYLIB_CURRENT_VERSION = 1;
				DYLIB_INSTALL_NAME_BASE = "@rpath";
				INFOPLIST_FILE = "Resources/RedlineCore-Info.plist";
				INSTALL_PATH = "$(LOCAL_LIBRARY_DIR)/Frameworks";
				LD_RUNPATH_SEARCH_PATHS = (
					"$(inherited)",
					"@executable_path/../Frameworks",
				);
				PRODUCT_BUNDLE_IDENTIFIER = com.goriparthi.redline.core;
				PRODUCT_NAME = RedlineCore;
				SDKROOT = macosx;
				SKIP_INSTALL = YES;
				VERSIONING_SYSTEM = "apple-generic";
			};
			name = Release;
		};
		D26BE9F6CC31CD0C601D4ABA /* Debug */ = {
			isa = XCBuildConfiguration;
			buildSettings = {
				ALWAYS_SEARCH_USER_PATHS = NO;
				CLANG_ANALYZER_NONNULL = YES;
				CLANG_ANALYZER_NUMBER_OBJECT_CONVERSION = YES_AGGRESSIVE;
				CLANG_CXX_LANGUAGE_STANDARD = "gnu++14";
				CLANG_CXX_LIBRARY = "libc++";
				CLANG_ENABLE_MODULES = YES;
				CLANG_ENABLE_OBJC_ARC = YES;
				CLANG_ENABLE_OBJC_WEAK = YES;
				CLANG_WARN_BLOCK_CAPTURE_AUTORELEASING = YES;
				CLANG_WARN_BOOL_CONVERSION = YES;
				CLANG_WARN_COMMA = YES;
				CLANG_WARN_CONSTANT_CONVERSION = YES;
				CLANG_WARN_DEPRECATED_OBJC_IMPLEMENTATIONS = YES;
				CLANG_WARN_DIRECT_OBJC_ISA_USAGE = YES_ERROR;
				CLANG_WARN_DOCUMENTATION_COMMENTS = YES;
				CLANG_WARN_EMPTY_BODY = YES;
				CLANG_WARN_ENUM_CONVERSION = YES;
				CLANG_WARN_INFINITE_RECURSION = YES;
				CLANG_WARN_INT_CONVERSION = YES;
				CLANG_WARN_NON_LITERAL_NULL_CONVERSION = YES;
				CLANG_WARN_OBJC_IMPLICIT_RETAIN_SELF = YES;
				CLANG_WARN_OBJC_LITERAL_CONVERSION = YES;
				CLANG_WARN_OBJC_ROOT_CLASS = YES_ERROR;
				CLANG_WARN_QUOTED_INCLUDE_IN_FRAMEWORK_HEADER = YES;
				CLANG_WARN_RANGE_LOOP_ANALYSIS = YES;
				CLANG_WARN_STRICT_PROTOTYPES = YES;
				CLANG_WARN_SUSPICIOUS_MOVE = YES;
				CLANG_WARN_UNGUARDED_AVAILABILITY = YES_AGGRESSIVE;
				CLANG_WARN_UNREACHABLE_CODE = YES;
				CLANG_WARN__DUPLICATE_METHOD_MATCH = YES;
				CODE_SIGN_STYLE = Automatic;
				COPY_PHASE_STRIP = NO;
				CURRENT_PROJECT_VERSION = 0.2.1;
				DEBUG_INFORMATION_FORMAT = dwarf;
				DEVELOPMENT_TEAM = "${REDLINE_TEAM_ID}";
				ENABLE_STRICT_OBJC_MSGSEND = YES;
				ENABLE_TESTABILITY = YES;
				GCC_C_LANGUAGE_STANDARD = gnu11;
				GCC_DYNAMIC_NO_PIC = NO;
				GCC_NO_COMMON_BLOCKS = YES;
				GCC_OPTIMIZATION_LEVEL = 0;
				GCC_PREPROCESSOR_DEFINITIONS = (
					"$(inherited)",
					"DEBUG=1",
				);
				GCC_WARN_64_TO_32_BIT_CONVERSION = YES;
				GCC_WARN_ABOUT_RETURN_TYPE = YES_ERROR;
				GCC_WARN_UNDECLARED_SELECTOR = YES;
				GCC_WARN_UNINITIALIZED_AUTOS = YES_AGGRESSIVE;
				GCC_WARN_UNUSED_FUNCTION = YES;
				GCC_WARN_UNUSED_VARIABLE = YES;
				MACOSX_DEPLOYMENT_TARGET = 14.0;
				MARKETING_VERSION = 0.2.1;
				MTL_ENABLE_DEBUG_INFO = INCLUDE_SOURCE;
				MTL_FAST_MATH = YES;
				ONLY_ACTIVE_ARCH = YES;
				PRODUCT_NAME = "$(TARGET_NAME)";
				SDKROOT = macosx;
				SWIFT_ACTIVE_COMPILATION_CONDITIONS = DEBUG;
				SWIFT_OPTIMIZATION_LEVEL = "-Onone";
				SWIFT_VERSION = 5.9;
			};
			name = Debug;
		};
/* End XCBuildConfiguration section */

/* Begin XCConfigurationList section */
		351C0B475CFFDDA670E8AD46 /* Build configuration list for PBXProject "Redline" */ = {
			isa = XCConfigurationList;
			buildConfigurations = (
				D26BE9F6CC31CD0C601D4ABA /* Debug */,
				BA1E791674258D5AA978FFCD /* Release */,
			);
			defaultConfigurationIsVisible = 0;
			defaultConfigurationName = Debug;
		};
		39295FF4190F58CCA17A4229 /* Build configuration list for PBXNativeTarget "Redline" */ = {
			isa = XCConfigurationList;
			buildConfigurations = (
				10362DBFA5C0FDA0CA977B8A /* Debug */,
				5DEAE7358B0AEE1BEDDD6D49 /* Release */,
			);
			defaultConfigurationIsVisible = 0;
			defaultConfigurationName = Debug;
		};
		52937CCBCC3BACF0E132B3C2 /* Build configuration list for PBXNativeTarget "RedlineCore" */ = {
			isa = XCConfigurationList;
			buildConfigurations = (
				9BBE450B812F1B15AB6E3302 /* Debug */,
				C39256AFF99C7CDE2A9CBFD3 /* Release */,
			);
			defaultConfigurationIsVisible = 0;
			defaultConfigurationName = Debug;
		};
		D29DBF354D54AC4F9A6A27E4 /* Build configuration list for PBXNativeTarget "RedlineWidget" */ = {
			isa = XCConfigurationList;
			buildConfigurations = (
				8D47630DE585048DACB9393D /* Debug */,
				7351244BA877471DC8646A8E /* Release */,
			);
			defaultConfigurationIsVisible = 0;
			defaultConfigurationName = Debug;
		};
/* End XCConfigurationList section */
	};
	rootObject = BDBA1FFFB56DFE185BB8A607 /* Project object */;
}
